
Microsoft Visual Studio Solution File, Format Version 12.00
# Visual Studio Version 17
VisualStudioVersion = 17.14.37710.0 d17.14
MinimumVisualStudioVersion = 10.0.40219.1
Project("{FAE04EC0-301F-11D3-BF4B-00C04F79EFBC}") = "OpenBreweryApi", "OpenBreweryApi.csproj", "{2A0DAC6F-7BE0-90AD-0649-59D57B1D319C}"
EndProject
Global
	GlobalSection(SolutionConfigurationPlatforms) = preSolution
		Debug|Any CPU = Debug|Any CPU
		Release|Any CPU = Release|Any CPU
	EndGlobalSection
	GlobalSection(ProjectConfigurationPlatforms) = postSolution
		{2A0DAC6F-7BE0-90AD-0649-59D57B1D319C}.Debug|Any CPU.ActiveCfg = Debug|Any CPU
		{2A0DAC6F-7BE0-90AD-0649-59D57B1D319C}.Debug|Any CPU.Build.0 = Debug|Any CPU
		{2A0DAC6F-7BE0-90AD-0649-59D57B1D319C}.Release|Any CPU.ActiveCfg = Release|Any CPU
		{2A0DAC6F-7BE0-90AD-0649-59D57B1D319C}.Release|Any CPU.Build.0 = Release|Any CPU
	EndGlobalSection
	GlobalSection(SolutionProperties) = preSolution
		HideSolutionNode = FALSE
	EndGlobalSection
	GlobalSection(ExtensibilityGlobals) = postSolution
		SolutionGuid = {364803DC-E27C-47C9-BAA7-6A53B04FC45F}
	EndGlobalSection
EndGlobal
